
Microsoft Visual Studio Solution File, Format Version 12.00
# Visual Studio Version 16
VisualStudioVersion = 16.0.30621.155
MinimumVisualStudioVersion = 10.0.40219.1
Project("{8BC9CEB8-8B4A-11D0-8D11-00A0C91BC942}") = "1.7", "1.7\1.7.vcxproj", "{8F096F83-70AC-467F-8F1D-1973D422CB36}"
EndProject
Project("{8BC9CEB8-8B4A-11D0-8D11-00A0C91BC942}") = "UnitTest1.7", "UnitTest1.7\UnitTest1.7.vcxproj", "{063B3A69-7C22-47D3-B14E-D140B4BC8536}"
EndProject
Global
	GlobalSection(SolutionConfigurationPlatforms) = preSolution
		Debug|x64 = Debug|x64
		Debug|x86 = Debug|x86
		Release|x64 = Release|x64
		Release|x86 = Release|x86
	EndGlobalSection
	GlobalSection(ProjectConfigurationPlatforms) = postSolution
		{8F096F83-70AC-467F-8F1D-1973D422CB36}.Debug|x64.ActiveCfg = Debug|x64
		{8F096F83-70AC-467F-8F1D-1973D422CB36}.Debug|x64.Build.0 = Debug|x64
		{8F096F83-70AC-467F-8F1D-1973D422CB36}.Debug|x86.ActiveCfg = Debug|Win32
		{8F096F83-70AC-467F-8F1D-1973D422CB36}.Debug|x86.Build.0 = Debug|Win32
		{8F096F83-70AC-467F-8F1D-1973D422CB36}.Release|x64.ActiveCfg = Release|x64
		{8F096F83-70AC-467F-8F1D-1973D422CB36}.Release|x64.Build.0 = Release|x64
		{8F096F83-70AC-467F-8F1D-1973D422CB36}.Release|x86.ActiveCfg = Release|Win32
		{8F096F83-70AC-467F-8F1D-1973D422CB36}.Release|x86.Build.0 = Release|Win32
		{063B3A69-7C22-47D3-B14E-D140B4BC8536}.Debug|x64.ActiveCfg = Debug|x64
		{063B3A69-7C22-47D3-B14E-D140B4BC8536}.Debug|x64.Build.0 = Debug|x64
		{063B3A69-7C22-47D3-B14E-D140B4BC8536}.Debug|x86.ActiveCfg = Debug|Win32
		{063B3A69-7C22-47D3-B14E-D140B4BC8536}.Debug|x86.Build.0 = Debug|Win32
		{063B3A69-7C22-47D3-B14E-D140B4BC8536}.Release|x64.ActiveCfg = Release|x64
		{063B3A69-7C22-47D3-B14E-D140B4BC8536}.Release|x64.Build.0 = Release|x64
		{063B3A69-7C22-47D3-B14E-D140B4BC8536}.Release|x86.ActiveCfg = Release|Win32
		{063B3A69-7C22-47D3-B14E-D140B4BC8536}.Release|x86.Build.0 = Release|Win32
	EndGlobalSection
	GlobalSection(SolutionProperties) = preSolution
		HideSolutionNode = FALSE
	EndGlobalSection
	GlobalSection(ExtensibilityGlobals) = postSolution
		SolutionGuid = {2B7BC0B6-FE16-4E16-8FCC-ED7BA2DB1833}
	EndGlobalSection
EndGlobal
